// !$*UTF8*$!
{
	archiveVersion = 1;
	classes = {
	};
	objectVersion = 56;
	objects = {

/* Begin PBXBuildFile section */
		641CAB0329D6035200C52A51 /* ScrumdingerApp.swift in Sources */ = {isa = PBXBuildFile; fileRef = 641CAB0229D6035200C52A51 /* ScrumdingerApp.swift */; };
		641CAB0529D6035200C52A51 /* MeetingView.swift in Sources */ = {isa = PBXBuildFile; fileRef = 641CAB0429D6035200C52A51 /* MeetingView.swift */; };
		641CAB0729D6035300C52A51 /* Assets.xcassets in Resources */ = {isa = PBXBuildFile; fileRef = 641CAB0629D6035300C52A51 /* Assets.xcassets */; };
		641CAB0A29D6035300C52A51 /* Preview Assets.xcassets in Resources */ = {isa = PBXBuildFile; fileRef = 641CAB0929D6035300C52A51 /* Preview Assets.xcassets */; };
		641CAB1229D610B800C52A51 /* Theme.swift in Sources */ = {isa = PBXBuildFile; fileRef = 641CAB1129D610B800C52A51 /* Theme.swift */; };
		642CD66229FAE97500115478 /* AVPlayer+Ding.swift in Sources */ = {isa = PBXBuildFile; fileRef = 642CD66029FAE97500115478 /* AVPlayer+Ding.swift */; };
		642CD66329FAE97500115478 /* ScrumTimer.swift in Sources */ = {isa = PBXBuildFile; fileRef = 642CD66129FAE97500115478 /* ScrumTimer.swift */; };
		642CD66529FAF1EA00115478 /* NewScrumSheet.swift in Sources */ = {isa = PBXBuildFile; fileRef = 642CD66429FAF1EA00115478 /* NewScrumSheet.swift */; };
		642FBC7C29FCFC2A00471389 /* ding.wav in Resources */ = {isa = PBXBuildFile; fileRef = 642FBC7B29FCFC2A00471389 /* ding.wav */; };
		642FBC7E29FCFCC300471389 /* History.swift in Sources */ = {isa = PBXBuildFile; fileRef = 642FBC7D29FCFCC300471389 /* History.swift */; };
		6446AA1D29EDC62200272A4F /* MeetingHeaderView.swift in Sources */ = {isa = PBXBuildFile; fileRef = 6446AA1C29EDC62200272A4F /* MeetingHeaderView.swift */; };
		6461037029E1F787007CDC4C /* TrailingIconLabelStyle.swift in Sources */ = {isa = PBXBuildFile; fileRef = 6461036F29E1F787007CDC4C /* TrailingIconLabelStyle.swift */; };
		6461037329E32C67007CDC4C /* ScrumsView.swift in Sources */ = {isa = PBXBuildFile; fileRef = 6461037229E32C67007CDC4C /* ScrumsView.swift */; };
		6461037529E34C06007CDC4C /* DetailView.swift in Sources */ = {isa = PBXBuildFile; fileRef = 6461037429E34C06007CDC4C /* DetailView.swift */; };
		6461037829E496B9007CDC4C /* DetailEditView.swift in Sources */ = {isa = PBXBuildFile; fileRef = 6461037729E496B9007CDC4C /* DetailEditView.swift */; };
		6461037A29E5E0B4007CDC4C /* ThemeView.swift in Sources */ = {isa = PBXBuildFile; fileRef = 6461037929E5E0B4007CDC4C /* ThemeView.swift */; };
		6461037C29E5E3CA007CDC4C /* ThemePickerView.swift in Sources */ = {isa = PBXBuildFile; fileRef = 6461037B29E5E3CA007CDC4C /* ThemePickerView.swift */; };
		64649AE229EDCAED00A15122 /* ScrumProgressViewStyle.swift in Sources */ = {isa = PBXBuildFile; fileRef = 64649AE129EDCAED00A15122 /* ScrumProgressViewStyle.swift */; };
		646F5A0529F8588D007BDC88 /* MeetingFooterView.swift in Sources */ = {isa = PBXBuildFile; fileRef = 646F5A0429F8588D007BDC88 /* MeetingFooterView.swift */; };
		6489825929FEA33A00AEE89D /* ScrumStore.swift in Sources */ = {isa = PBXBuildFile; fileRef = 6489825829FEA33A00AEE89D /* ScrumStore.swift */; };
		64C12A3F2A25214800B8901B /* SpeechRecognizer.swift in Sources */ = {isa = PBXBuildFile; fileRef = 64C12A3E2A25214800B8901B /* SpeechRecognizer.swift */; };
		64C12A412A25284900B8901B /* HistoryView.swift in Sources */ = {isa = PBXBuildFile; fileRef = 64C12A402A25284900B8901B /* HistoryView.swift */; };
		64DEEE9F2A095C3D00B61D90 /* ErrorWrapper.swift in Sources */ = {isa = PBXBuildFile; fileRef = 64DEEE9E2A095C3D00B61D90 /* ErrorWrapper.swift */; };
		64DEEEA12A095DD800B61D90 /* ErrorView.swift in Sources */ = {isa = PBXBuildFile; fileRef = 64DEEEA02A095DD800B61D90 /* ErrorView.swift */; };
		64DEEEA32A09714300B61D90 /* MeetingTimerView.swift in Sources */ = {isa = PBXBuildFile; fileRef = 64DEEEA22A09714300B61D90 /* MeetingTimerView.swift */; };
		64DEEEA52A09771C00B61D90 /* SpeakerArc.swift in Sources */ = {isa = PBXBuildFile; fileRef = 64DEEEA42A09771C00B61D90 /* SpeakerArc.swift */; };
		64E6E4E129D93D5B00D54E0E /* DailyScrum.swift in Sources */ = {isa = PBXBuildFile; fileRef = 64E6E4E029D93D5B00D54E0E /* DailyScrum.swift */; };
		64E6E4E329D940BD00D54E0E /* CardView.swift in Sources */ = {isa = PBXBuildFile; fileRef = 64E6E4E229D940BD00D54E0E /* CardView.swift */; };
/* End PBXBuildFile section */

/* Begin PBXFileReference section */
		641CAAFF29D6035200C52A51 /* Scrumdinger.app */ = {isa = PBXFileReference; explicitFileType = wrapper.application; includeInIndex = 0; path = Scrumdinger.app; sourceTree = BUILT_PRODUCTS_DIR; };
		641CAB0229D6035200C52A51 /* ScrumdingerApp.swift */ = {isa = PBXFileReference; lastKnownFileType = sourcecode.swift; path = ScrumdingerApp.swift; sourceTree = "<group>"; };
		641CAB0429D6035200C52A51 /* MeetingView.swift */ = {isa = PBXFileReference; lastKnownFileType = sourcecode.swift; path = MeetingView.swift; sourceTree = "<group>"; };
		641CAB0629D6035300C52A51 /* Assets.xcassets */ = {isa = PBXFileReference; lastKnownFileType = folder.assetcatalog; path = Assets.xcassets; sourceTree = "<group>"; };
		641CAB0929D6035300C52A51 /* Preview Assets.xcassets */ = {isa = PBXFileReference; lastKnownFileType = folder.assetcatalog; path = "Preview Assets.xcassets"; sourceTree = "<group>"; };
		641CAB1129D610B800C52A51 /* Theme.swift */ = {isa = PBXFileReference; lastKnownFileType = sourcecode.swift; path = Theme.swift; sourceTree = "<group>"; };
		642CD66029FAE97500115478 /* AVPlayer+Ding.swift */ = {isa = PBXFileReference; fileEncoding = 4; lastKnownFileType = sourcecode.swift; path = "AVPlayer+Ding.swift"; sourceTree = "<group>"; };
		642CD66129FAE97500115478 /* ScrumTimer.swift */ = {isa = PBXFileReference; fileEncoding = 4; lastKnownFileType = sourcecode.swift; path = ScrumTimer.swift; sourceTree = "<group>"; };
		642CD66429FAF1EA00115478 /* NewScrumSheet.swift */ = {isa = PBXFileReference; lastKnownFileType = sourcecode.swift; path = NewScrumSheet.swift; sourceTree = "<group>"; };
		642FBC7B29FCFC2A00471389 /* ding.wav */ = {isa = PBXFileReference; lastKnownFileType = audio.wav; path = ding.wav; sourceTree = "<group>"; };
		642FBC7D29FCFCC300471389 /* History.swift */ = {isa = PBXFileReference; lastKnownFileType = sourcecode.swift; path = History.swift; sourceTree = "<group>"; };
		6446AA1C29EDC62200272A4F /* MeetingHeaderView.swift */ = {isa = PBXFileReference; lastKnownFileType = sourcecode.swift; path = MeetingHeaderView.swift; sourceTree = "<group>"; };
		6461036F29E1F787007CDC4C /* TrailingIconLabelStyle.swift */ = {isa = PBXFileReference; lastKnownFileType = sourcecode.swift; path = TrailingIconLabelStyle.swift; sourceTree = "<group>"; };
		6461037229E32C67007CDC4C /* ScrumsView.swift */ = {isa = PBXFileReference; lastKnownFileType = sourcecode.swift; path = ScrumsView.swift; sourceTree = "<group>"; };
		6461037429E34C06007CDC4C /* DetailView.swift */ = {isa = PBXFileReference; lastKnownFileType = sourcecode.swift; path = DetailView.swift; sourceTree = "<group>"; };
		6461037729E496B9007CDC4C /* DetailEditView.swift */ = {isa = PBXFileReference; lastKnownFileType = sourcecode.swift; path = DetailEditView.swift; sourceTree = "<group>"; };
		6461037929E5E0B4007CDC4C /* ThemeView.swift */ = {isa = PBXFileReference; lastKnownFileType = sourcecode.swift; path = ThemeView.swift; sourceTree = "<group>"; };
		6461037B29E5E3CA007CDC4C /* ThemePickerView.swift */ = {isa = PBXFileReference; lastKnownFileType = sourcecode.swift; path = ThemePickerView.swift; sourceTree = "<group>"; };
		64649AE129EDCAED00A15122 /* ScrumProgressViewStyle.swift */ = {isa = PBXFileReference; fileEncoding = 4; lastKnownFileType = sourcecode.swift; path = ScrumProgressViewStyle.swift; sourceTree = "<group>"; };
		646F5A0429F8588D007BDC88 /* MeetingFooterView.swift */ = {isa = PBXFileReference; lastKnownFileType = sourcecode.swift; path = MeetingFooterView.swift; sourceTree = "<group>"; };
		6489825829FEA33A00AEE89D /* ScrumStore.swift */ = {isa = PBXFileReference; lastKnownFileType = sourcecode.swift; path = ScrumStore.swift; sourceTree = "<group>"; };
		64C12A3D2A251FED00B8901B /* Info.plist */ = {isa = PBXFileReference; lastKnownFileType = text.plist; path = Info.plist; sourceTree = "<group>"; };
		64C12A3E2A25214800B8901B /* SpeechRecognizer.swift */ = {isa = PBXFileReference; fileEncoding = 4; lastKnownFileType = sourcecode.swift; path = SpeechRecognizer.swift; sourceTree = "<group>"; };
		64C12A402A25284900B8901B /* HistoryView.swift */ = {isa = PBXFileReference; lastKnownFileType = sourcecode.swift; path = HistoryView.swift; sourceTree = "<group>"; };
		64DEEE9E2A095C3D00B61D90 /* ErrorWrapper.swift */ = {isa = PBXFileReference; lastKnownFileType = sourcecode.swift; path = ErrorWrapper.swift; sourceTree = "<group>"; };
		64DEEEA02A095DD800B61D90 /* ErrorView.swift */ = {isa = PBXFileReference; lastKnownFileType = sourcecode.swift; path = ErrorView.swift; sourceTree = "<group>"; };
		64DEEEA22A09714300B61D90 /* MeetingTimerView.swift */ = {isa = PBXFileReference; lastKnownFileType = sourcecode.swift; path = MeetingTimerView.swift; sourceTree = "<group>"; };
		64DEEEA42A09771C00B61D90 /* SpeakerArc.swift */ = {isa = PBXFileReference; lastKnownFileType = sourcecode.swift; path = SpeakerArc.swift; sourceTree = "<group>"; };
		64E6E4E029D93D5B00D54E0E /* DailyScrum.swift */ = {isa = PBXFileReference; lastKnownFileType = sourcecode.swift; path = DailyScrum.swift; sourceTree = "<group>"; };
		64E6E4E229D940BD00D54E0E /* CardView.swift */ = {isa = PBXFileReference; lastKnownFileType = sourcecode.swift; path = CardView.swift; sourceTree = "<group>"; };
/* End PBXFileReference section */

/* Begin PBXFrameworksBuildPhase section */
		641CAAFC29D6035200C52A51 /* Frameworks */ = {
			isa = PBXFrameworksBuildPhase;
			buildActionMask = 2147483647;
			files = (
			);
			runOnlyForDeploymentPostprocessing = 0;
		};
/* End PBXFrameworksBuildPhase section */

/* Begin PBXGroup section */
		641CAAF629D6035200C52A51 = {
			isa = PBXGroup;
			children = (
				641CAB0129D6035200C52A51 /* Scrumdinger */,
				641CAB0029D6035200C52A51 /* Products */,
			);
			sourceTree = "<group>";
		};
		641CAB0029D6035200C52A51 /* Products */ = {
			isa = PBXGroup;
			children = (
				641CAAFF29D6035200C52A51 /* Scrumdinger.app */,
			);
			name = Products;
			sourceTree = "<group>";
		};
		641CAB0129D6035200C52A51 /* Scrumdinger */ = {
			isa = PBXGroup;
			children = (
				64C12A3D2A251FED00B8901B /* Info.plist */,
				6461037129E32B99007CDC4C /* Extensions */,
				641CAB1029D6109B00C52A51 /* Models */,
				6461037629E34C42007CDC4C /* Views */,
				646F5A0929F86726007BDC88 /* Resources */,
				641CAB0629D6035300C52A51 /* Assets.xcassets */,
				641CAB0829D6035300C52A51 /* Preview Content */,
			);
			path = Scrumdinger;
			sourceTree = "<group>";
		};
		641CAB0829D6035300C52A51 /* Preview Content */ = {
			isa = PBXGroup;
			children = (
				641CAB0929D6035300C52A51 /* Preview Assets.xcassets */,
			);
			path = "Preview Content";
			sourceTree = "<group>";
		};
		641CAB1029D6109B00C52A51 /* Models */ = {
			isa = PBXGroup;
			children = (
				642CD66029FAE97500115478 /* AVPlayer+Ding.swift */,
				64E6E4E029D93D5B00D54E0E /* DailyScrum.swift */,
				64DEEE9E2A095C3D00B61D90 /* ErrorWrapper.swift */,
				642FBC7D29FCFCC300471389 /* History.swift */,
				64C12A3E2A25214800B8901B /* SpeechRecognizer.swift */,
				6489825829FEA33A00AEE89D /* ScrumStore.swift */,
				642CD66129FAE97500115478 /* ScrumTimer.swift */,
				641CAB1129D610B800C52A51 /* Theme.swift */,
			);
			path = Models;
			sourceTree = "<group>";
		};
		642CD66629FC39CE00115478 /* Parts */ = {
			isa = PBXGroup;
			children = (
				646F5A0629F858D1007BDC88 /* Header */,
				64DEEEA62A09772E00B61D90 /* Circle */,
				646F5A0429F8588D007BDC88 /* MeetingFooterView.swift */,
			);
			path = Parts;
			sourceTree = "<group>";
		};
		6446AA1A29EDC59D00272A4F /* Edit */ = {
			isa = PBXGroup;
			children = (
				6461037729E496B9007CDC4C /* DetailEditView.swift */,
				6461037B29E5E3CA007CDC4C /* ThemePickerView.swift */,
				6461037929E5E0B4007CDC4C /* ThemeView.swift */,
			);
			path = Edit;
			sourceTree = "<group>";
		};
		6446AA1B29EDC5CB00272A4F /* List of scrums */ = {
			isa = PBXGroup;
			children = (
				6461037229E32C67007CDC4C /* ScrumsView.swift */,
				64E6E4E229D940BD00D54E0E /* CardView.swift */,
				642CD66429FAF1EA00115478 /* NewScrumSheet.swift */,
			);
			path = "List of scrums";
			sourceTree = "<group>";
		};
		6446AA1E29EDC63B00272A4F /* Meeting timer */ = {
			isa = PBXGroup;
			children = (
				641CAB0429D6035200C52A51 /* MeetingView.swift */,
				642CD66629FC39CE00115478 /* Parts */,
			);
			path = "Meeting timer";
			sourceTree = "<group>";
		};
		6461037129E32B99007CDC4C /* Extensions */ = {
			isa = PBXGroup;
			children = (
				6461036F29E1F787007CDC4C /* TrailingIconLabelStyle.swift */,
			);
			path = Extensions;
			sourceTree = "<group>";
		};
		6461037629E34C42007CDC4C /* Views */ = {
			isa = PBXGroup;
			children = (
				641CAB0229D6035200C52A51 /* ScrumdingerApp.swift */,
				6446AA1B29EDC5CB00272A4F /* List of scrums */,
				6461037429E34C06007CDC4C /* DetailView.swift */,
				6446AA1E29EDC63B00272A4F /* Meeting timer */,
				6446AA1A29EDC59D00272A4F /* Edit */,
				64DEEEA02A095DD800B61D90 /* ErrorView.swift */,
				64C12A402A25284900B8901B /* HistoryView.swift */,
			);
			path = Views;
			sourceTree = "<group>";
		};
		646F5A0629F858D1007BDC88 /* Header */ = {
			isa = PBXGroup;
			children = (
				6446AA1C29EDC62200272A4F /* MeetingHeaderView.swift */,
				64649AE129EDCAED00A15122 /* ScrumProgressViewStyle.swift */,
			);
			path = Header;
			sourceTree = "<group>";
		};
		646F5A0929F86726007BDC88 /* Resources */ = {
			isa = PBXGroup;
			children = (
				642FBC7B29FCFC2A00471389 /* ding.wav */,
			);
			path = Resources;
			sourceTree = "<group>";
		};
		64DEEEA62A09772E00B61D90 /* Circle */ = {
			isa = PBXGroup;
			children = (
				64DEEEA22A09714300B61D90 /* MeetingTimerView.swift */,
				64DEEEA42A09771C00B61D90 /* SpeakerArc.swift */,
			);
			path = Circle;
			sourceTree = "<group>";
		};
/* End PBXGroup section */

/* Begin PBXNativeTarget section */
		641CAAFE29D6035200C52A51 /* Scrumdinger */ = {
			isa = PBXNativeTarget;
			buildConfigurationList = 641CAB0D29D6035300C52A51 /* Build configuration list for PBXNativeTarget "Scrumdinger" */;
			buildPhases = (
				641CAAFB29D6035200C52A51 /* Sources */,
				641CAAFC29D6035200C52A51 /* Frameworks */,
				641CAAFD29D6035200C52A51 /* Resources */,
			);
			buildRules = (
			);
			dependencies = (
			);
			name = Scrumdinger;
			productName = Scrumdinger;
			productReference = 641CAAFF29D6035200C52A51 /* Scrumdinger.app */;
			productType = "com.apple.product-type.application";
		};
/* End PBXNativeTarget section */

/* Begin PBXProject section */
		641CAAF729D6035200C52A51 /* Project object */ = {
			isa = PBXProject;
			attributes = {
				BuildIndependentTargetsInParallel = 1;
				LastSwiftUpdateCheck = 1420;
				LastUpgradeCheck = 1420;
				TargetAttributes = {
					641CAAFE29D6035200C52A51 = {
						CreatedOnToolsVersion = 14.2;
					};
				};
			};
			buildConfigurationList = 641CAAFA29D6035200C52A51 /* Build configuration list for PBXProject "Scrumdinger" */;
			compatibilityVersion = "Xcode 14.0";
			developmentRegion = en;
			hasScannedForEncodings = 0;
			knownRegions = (
				en,
				Base,
			);
			mainGroup = 641CAAF629D6035200C52A51;
			productRefGroup = 641CAB0029D6035200C52A51 /* Products */;
			projectDirPath = "";
			projectRoot = "";
			targets = (
				641CAAFE29D6035200C52A51 /* Scrumdinger */,
			);
		};
/* End PBXProject section */

/* Begin PBXResourcesBuildPhase section */
		641CAAFD29D6035200C52A51 /* Resources */ = {
			isa = PBXResourcesBuildPhase;
			buildActionMask = 2147483647;
			files = (
				641CAB0A29D6035300C52A51 /* Preview Assets.xcassets in Resources */,
				642FBC7C29FCFC2A00471389 /* ding.wav in Resources */,
				641CAB0729D6035300C52A51 /* Assets.xcassets in Resources */,
			);
			runOnlyForDeploymentPostprocessing = 0;
		};
/* End PBXResourcesBuildPhase section */

/* Begin PBXSourcesBuildPhase section */
		641CAAFB29D6035200C52A51 /* Sources */ = {
			isa = PBXSourcesBuildPhase;
			buildActionMask = 2147483647;
			files = (
				642FBC7E29FCFCC300471389 /* History.swift in Sources */,
				64E6E4E129D93D5B00D54E0E /* DailyScrum.swift in Sources */,
				64649AE229EDCAED00A15122 /* ScrumProgressViewStyle.swift in Sources */,
				646F5A0529F8588D007BDC88 /* MeetingFooterView.swift in Sources */,
				64DEEEA52A09771C00B61D90 /* SpeakerArc.swift in Sources */,
				64DEEEA12A095DD800B61D90 /* ErrorView.swift in Sources */,
				6461037529E34C06007CDC4C /* DetailView.swift in Sources */,
				64C12A412A25284900B8901B /* HistoryView.swift in Sources */,
				64DEEEA32A09714300B61D90 /* MeetingTimerView.swift in Sources */,
				642CD66229FAE97500115478 /* AVPlayer+Ding.swift in Sources */,
				6489825929FEA33A00AEE89D /* ScrumStore.swift in Sources */,
				6461037829E496B9007CDC4C /* DetailEditView.swift in Sources */,
				64DEEE9F2A095C3D00B61D90 /* ErrorWrapper.swift in Sources */,
				6446AA1D29EDC62200272A4F /* MeetingHeaderView.swift in Sources */,
				6461037029E1F787007CDC4C /* TrailingIconLabelStyle.swift in Sources */,
				642CD66529FAF1EA00115478 /* NewScrumSheet.swift in Sources */,
				641CAB1229D610B800C52A51 /* Theme.swift in Sources */,
				6461037C29E5E3CA007CDC4C /* ThemePickerView.swift in Sources */,
				64C12A3F2A25214800B8901B /* SpeechRecognizer.swift in Sources */,
				6461037329E32C67007CDC4C /* ScrumsView.swift in Sources */,
				642CD66329FAE97500115478 /* ScrumTimer.swift in Sources */,
				641CAB0529D6035200C52A51 /* MeetingView.swift in Sources */,
				641CAB0329D6035200C52A51 /* ScrumdingerApp.swift in Sources */,
				6461037A29E5E0B4007CDC4C /* ThemeView.swift in Sources */,
				64E6E4E329D940BD00D54E0E /* CardView.swift in Sources */,
			);
			runOnlyForDeploymentPostprocessing = 0;
		};
/* End PBXSourcesBuildPhase section */

/* Begin XCBuildConfiguration section */
		641CAB0B29D6035300C52A51 /* Debug */ = {
			isa = XCBuildConfiguration;
			buildSettings = {
				ALWAYS_SEARCH_USER_PATHS = NO;
				CLANG_ANALYZER_NONNULL = YES;
				CLANG_ANALYZER_NUMBER_OBJECT_CONVERSION = YES_AGGRESSIVE;
				CLANG_CXX_LANGUAGE_STANDARD = "gnu++20";
				CLANG_ENABLE_MODULES = YES;
				CLANG_ENABLE_OBJC_ARC = YES;
				CLANG_ENABLE_OBJC_WEAK = YES;
				CLANG_WARN_BLOCK_CAPTURE_AUTORELEASING = YES;
				CLANG_WARN_BOOL_CONVERSION = YES;
				CLANG_WARN_COMMA = YES;
				CLANG_WARN_CONSTANT_CONVERSION = YES;
				CLANG_WARN_DEPRECATED_OBJC_IMPLEMENTATIONS = YES;
				CLANG_WARN_DIRECT_OBJC_ISA_USAGE = YES_ERROR;
				CLANG_WARN_DOCUMENTATION_COMMENTS = YES;
				CLANG_WARN_EMPTY_BODY = YES;
				CLANG_WARN_ENUM_CONVERSION = YES;
				CLANG_WARN_INFINITE_RECURSION = YES;
				CLANG_WARN_INT_CONVERSION = YES;
				CLANG_WARN_NON_LITERAL_NULL_CONVERSION = YES;
				CLANG_WARN_OBJC_IMPLICIT_RETAIN_SELF = YES;
				CLANG_WARN_OBJC_LITERAL_CONVERSION = YES;
				CLANG_WARN_OBJC_ROOT_CLASS = YES_ERROR;
				CLANG_WARN_QUOTED_INCLUDE_IN_FRAMEWORK_HEADER = YES;
				CLANG_WARN_RANGE_LOOP_ANALYSIS = YES;
				CLANG_WARN_STRICT_PROTOTYPES = YES;
				CLANG_WARN_SUSPICIOUS_MOVE = YES;
				CLANG_WARN_UNGUARDED_AVAILABILITY = YES_AGGRESSIVE;
				CLANG_WARN_UNREACHABLE_CODE = YES;
				CLANG_WARN__DUPLICATE_METHOD_MATCH = YES;
				COPY_PHASE_STRIP = NO;
				DEBUG_INFORMATION_FORMAT = dwarf;
				ENABLE_STRICT_OBJC_MSGSEND = YES;
				ENABLE_TESTABILITY = YES;
				GCC_C_LANGUAGE_STANDARD = gnu11;
				GCC_DYNAMIC_NO_PIC = NO;
				GCC_NO_COMMON_BLOCKS = YES;
				GCC_OPTIMIZATION_LEVEL = 0;
				GCC_PREPROCESSOR_DEFINITIONS = (
					"DEBUG=1",
					"$(inherited)",
				);
				GCC_WARN_64_TO_32_BIT_CONVERSION = YES;
				GCC_WARN_ABOUT_RETURN_TYPE = YES_ERROR;
				GCC_WARN_UNDECLARED_SELECTOR = YES;
				GCC_WARN_UNINITIALIZED_AUTOS = YES_AGGRESSIVE;
				GCC_WARN_UNUSED_FUNCTION = YES;
				GCC_WARN_UNUSED_VARIABLE = YES;
				IPHONEOS_DEPLOYMENT_TARGET = 16.2;
				MTL_ENABLE_DEBUG_INFO = INCLUDE_SOURCE;
				MTL_FAST_MATH = YES;
				ONLY_ACTIVE_ARCH = YES;
				SDKROOT = iphoneos;
				SWIFT_ACTIVE_COMPILATION_CONDITIONS = DEBUG;
				SWIFT_OPTIMIZATION_LEVEL = "-Onone";
			};
			name = Debug;
		};
		641CAB0C29D6035300C52A51 /* Release */ = {
			isa = XCBuildConfiguration;
			buildSettings = {
				ALWAYS_SEARCH_USER_PATHS = NO;
				CLANG_ANALYZER_NONNULL = YES;
				CLANG_ANALYZER_NUMBER_OBJECT_CONVERSION = YES_AGGRESSIVE;
				CLANG_CXX_LANGUAGE_STANDARD = "gnu++20";
				CLANG_ENABLE_MODULES = YES;
				CLANG_ENABLE_OBJC_ARC = YES;
				CLANG_ENABLE_OBJC_WEAK = YES;
				CLANG_WARN_BLOCK_CAPTURE_AUTORELEASING = YES;
				CLANG_WARN_BOOL_CONVERSION = YES;
				CLANG_WARN_COMMA = YES;
				CLANG_WARN_CONSTANT_CONVERSION = YES;
				CLANG_WARN_DEPRECATED_OBJC_IMPLEMENTATIONS = YES;
				CLANG_WARN_DIRECT_OBJC_ISA_USAGE = YES_ERROR;
				CLANG_WARN_DOCUMENTATION_COMMENTS = YES;
				CLANG_WARN_EMPTY_BODY = YES;
				CLANG_WARN_ENUM_CONVERSION = YES;
				CLANG_WARN_INFINITE_RECURSION = YES;
				CLANG_WARN_INT_CONVERSION = YES;
				CLANG_WARN_NON_LITERAL_NULL_CONVERSION = YES;
				CLANG_WARN_OBJC_IMPLICIT_RETAIN_SELF = YES;
				CLANG_WARN_OBJC_LITERAL_CONVERSION = YES;
				CLANG_WARN_OBJC_ROOT_CLASS = YES_ERROR;
				CLANG_WARN_QUOTED_INCLUDE_IN_FRAMEWORK_HEADER = YES;
				CLANG_WARN_RANGE_LOOP_ANALYSIS = YES;
				CLANG_WARN_STRICT_PROTOTYPES = YES;
				CLANG_WARN_SUSPICIOUS_MOVE = YES;
				CLANG_WARN_UNGUARDED_AVAILABILITY = YES_AGGRESSIVE;
				CLANG_WARN_UNREACHABLE_CODE = YES;
				CLANG_WARN__DUPLICATE_METHOD_MATCH = YES;
				COPY_PHASE_STRIP = NO;
				DEBUG_INFORMATION_FORMAT = "dwarf-with-dsym";
				ENABLE_NS_ASSERTIONS = NO;
				ENABLE_STRICT_OBJC_MSGSEND = YES;
				GCC_C_LANGUAGE_STANDARD = gnu11;
				GCC_NO_COMMON_BLOCKS = YES;
				GCC_WARN_64_TO_32_BIT_CONVERSION = YES;
				GCC_WARN_ABOUT_RETURN_TYPE = YES_ERROR;
				GCC_WARN_UNDECLARED_SELECTOR = YES;
				GCC_WARN_UNINITIALIZED_AUTOS = YES_AGGRESSIVE;
				GCC_WARN_UNUSED_FUNCTION = YES;
				GCC_WARN_UNUSED_VARIABLE = YES;
				IPHONEOS_DEPLOYMENT_TARGET = 16.2;
				MTL_ENABLE_DEBUG_INFO = NO;
				MTL_FAST_MATH = YES;
				SDKROOT = iphoneos;
				SWIFT_COMPILATION_MODE = wholemodule;
				SWIFT_OPTIMIZATION_LEVEL = "-O";
				VALIDATE_PRODUCT = YES;
			};
			name = Release;
		};
		641CAB0E29D6035300C52A51 /* Debug */ = {
			isa = XCBuildConfiguration;
			buildSettings = {
				ASSETCATALOG_COMPILER_APPICON_NAME = AppIcon;
				ASSETCATALOG_COMPILER_GLOBAL_ACCENT_COLOR_NAME = AccentColor;
				CODE_SIGN_STYLE = Automatic;
				CURRENT_PROJECT_VERSION = 1;
				DEVELOPMENT_ASSET_PATHS = "\"Scrumdinger/Preview Content\"";
				DEVELOPMENT_TEAM = W7Y73UQF4W;
				ENABLE_PREVIEWS = YES;
				GENERATE_INFOPLIST_FILE = YES;
				INFOPLIST_FILE = Scrumdinger/Info.plist;
				INFOPLIST_KEY_NSMicrophoneUsageDescription = "Audio is recorded to transcribe the meeting. Audio recordings are discarded after transcription.";
				INFOPLIST_KEY_NSSpeechRecognitionUsageDescription = "You can view a text transcription of your meeting in the app.";
				INFOPLIST_KEY_UIApplicationSceneManifest_Generation = YES;
				INFOPLIST_KEY_UIApplicationSupportsIndirectInputEvents = YES;
				INFOPLIST_KEY_UILaunchScreen_Generation = YES;
				INFOPLIST_KEY_UISupportedInterfaceOrientations_iPad = "UIInterfaceOrientationPortrait UIInterfaceOrientationPortraitUpsideDown UIInterfaceOrientationLandscapeLeft UIInterfaceOrientationLandscapeRight";
				INFOPLIST_KEY_UISupportedInterfaceOrientations_iPhone = "UIInterfaceOrientationPortrait UIInterfaceOrientationLandscapeLeft UIInterfaceOrientationLandscapeRight";
				LD_RUNPATH_SEARCH_PATHS = (
					"$(inherited)",
					"@executable_path/Frameworks",
				);
				MARKETING_VERSION = 1.0;
				PRODUCT_BUNDLE_IDENTIFIER = com.jeffersoens.Scrumdinger;
				PRODUCT_NAME = "$(TARGET_NAME)";
				SWIFT_EMIT_LOC_STRINGS = YES;
				SWIFT_VERSION = 5.0;
				TARGETED_DEVICE_FAMILY = "1,2";
			};
			name = Debug;
		};
		641CAB0F29D6035300C52A51 /* Release */ = {
			isa = XCBuildConfiguration;
			buildSettings = {
				ASSETCATALOG_COMPILER_APPICON_NAME = AppIcon;
				ASSETCATALOG_COMPILER_GLOBAL_ACCENT_COLOR_NAME = AccentColor;
				CODE_SIGN_STYLE = Automatic;
				CURRENT_PROJECT_VERSION = 1;
				DEVELOPMENT_ASSET_PATHS = "\"Scrumdinger/Preview Content\"";
				DEVELOPMENT_TEAM = W7Y73UQF4W;
				ENABLE_PREVIEWS = YES;
				GENERATE_INFOPLIST_FILE = YES;
				INFOPLIST_FILE = Scrumdinger/Info.plist;
				INFOPLIST_KEY_NSMicrophoneUsageDescription = "Audio is recorded to transcribe the meeting. Audio recordings are discarded after transcription.";
				INFOPLIST_KEY_NSSpeechRecognitionUsageDescription = "You can view a text transcription of your meeting in the app.";
				INFOPLIST_KEY_UIApplicationSceneManifest_Generation = YES;
				INFOPLIST_KEY_UIApplicationSupportsIndirectInputEvents = YES;
				INFOPLIST_KEY_UILaunchScreen_Generation = YES;
				INFOPLIST_KEY_UISupportedInterfaceOrientations_iPad = "UIInterfaceOrientationPortrait UIInterfaceOrientationPortraitUpsideDown UIInterfaceOrientationLandscapeLeft UIInterfaceOrientationLandscapeRight";
				INFOPLIST_KEY_UISupportedInterfaceOrientations_iPhone = "UIInterfaceOrientationPortrait UIInterfaceOrientationLandscapeLeft UIInterfaceOrientationLandscapeRight";
				LD_RUNPATH_SEARCH_PATHS = (
					"$(inherited)",
					"@executable_path/Frameworks",
				);
				MARKETING_VERSION = 1.0;
				PRODUCT_BUNDLE_IDENTIFIER = com.jeffersoens.Scrumdinger;
				PRODUCT_NAME = "$(TARGET_NAME)";
				SWIFT_EMIT_LOC_STRINGS = YES;
				SWIFT_VERSION = 5.0;
				TARGETED_DEVICE_FAMILY = "1,2";
			};
			name = Release;
		};
/* End XCBuildConfiguration section */

/* Begin XCConfigurationList section */
		641CAAFA29D6035200C52A51 /* Build configuration list for PBXProject "Scrumdinger" */ = {
			isa = XCConfigurationList;
			buildConfigurations = (
				641CAB0B29D6035300C52A51 /* Debug */,
				641CAB0C29D6035300C52A51 /* Release */,
			);
			defaultConfigurationIsVisible = 0;
			defaultConfigurationName = Release;
		};
		641CAB0D29D6035300C52A51 /* Build configuration list for PBXNativeTarget "Scrumdinger" */ = {
			isa = XCConfigurationList;
			buildConfigurations = (
				641CAB0E29D6035300C52A51 /* Debug */,
				641CAB0F29D6035300C52A51 /* Release */,
			);
			defaultConfigurationIsVisible = 0;
			defaultConfigurationName = Release;
		};
/* End XCConfigurationList section */
	};
	rootObject = 641CAAF729D6035200C52A51 /* Project object */;
}
